
Microsoft Visual Studio Solution File, Format Version 12.00
# Visual Studio Version 17
VisualStudioVersion = 17.14.37216.2 d17.14
MinimumVisualStudioVersion = 10.0.40219.1
Project("{FAE04EC0-301F-11D3-BF4B-00C04F79EFBC}") = "ExamplesForWiki", "ExamplesForWiki.csproj", "{DD34471A-3026-4CC5-A632-A550EB365E02}"
EndProject
Global
	GlobalSection(SolutionConfigurationPlatforms) = preSolution
		Debug|Any CPU = Debug|Any CPU
		Release|Any CPU = Release|Any CPU
	EndGlobalSection
	GlobalSection(ProjectConfigurationPlatforms) = postSolution
		{DD34471A-3026-4CC5-A632-A550EB365E02}.Debug|Any CPU.ActiveCfg = Debug|Any CPU
		{DD34471A-3026-4CC5-A632-A550EB365E02}.Debug|Any CPU.Build.0 = Debug|Any CPU
		{DD34471A-3026-4CC5-A632-A550EB365E02}.Release|Any CPU.ActiveCfg = Release|Any CPU
		{DD34471A-3026-4CC5-A632-A550EB365E02}.Release|Any CPU.Build.0 = Release|Any CPU
	EndGlobalSection
	GlobalSection(SolutionProperties) = preSolution
		HideSolutionNode = FALSE
	EndGlobalSection
	GlobalSection(ExtensibilityGlobals) = postSolution
		SolutionGuid = {718EDFD7-6887-413B-8DDF-C6923217B2ED}
	EndGlobalSection
EndGlobal
